
Microsoft Visual Studio Solution File, Format Version 12.00
# Visual Studio 14
VisualStudioVersion = 14.0.25420.1
MinimumVisualStudioVersion = 10.0.40219.1
Project("{FAE04EC0-301F-11D3-BF4B-00C04F79EFBC}") = "Freedom-Guard", "Freedom-Guard\Freedom-Guard.csproj", "{E69DC5D2-BE96-4DFC-8161-4948B0100A4E}"
EndProject
Global
	GlobalSection(SolutionConfigurationPlatforms) = preSolution
		Debug|Any CPU = Debug|Any CPU
		Debug|x64 = Debug|x64
		Release|Any CPU = Release|Any CPU
		Release|x64 = Release|x64
	EndGlobalSection
	GlobalSection(ProjectConfigurationPlatforms) = postSolution
		{E69DC5D2-BE96-4DFC-8161-4948B0100A4E}.Debug|Any CPU.ActiveCfg = Debug|Any CPU
		{E69DC5D2-BE96-4DFC-8161-4948B0100A4E}.Debug|Any CPU.Build.0 = Debug|Any CPU
		{E69DC5D2-BE96-4DFC-8161-4948B0100A4E}.Debug|x64.ActiveCfg = Debug|Any CPU
		{E69DC5D2-BE96-4DFC-8161-4948B0100A4E}.Debug|x64.Build.0 = Debug|Any CPU
		{E69DC5D2-BE96-4DFC-8161-4948B0100A4E}.Release|Any CPU.ActiveCfg = Release|Any CPU
		{E69DC5D2-BE96-4DFC-8161-4948B0100A4E}.Release|Any CPU.Build.0 = Release|Any CPU
		{E69DC5D2-BE96-4DFC-8161-4948B0100A4E}.Release|x64.ActiveCfg = Release|Any CPU
		{E69DC5D2-BE96-4DFC-8161-4948B0100A4E}.Release|x64.Build.0 = Release|Any CPU
	EndGlobalSection
	GlobalSection(SolutionProperties) = preSolution
		HideSolutionNode = FALSE
	EndGlobalSection
EndGlobal
